# THIS IS AN AUTOGENERATED FILE. DO NOT EDIT THIS FILE DIRECTLY.
# yarn lockfile v1


"@types/argparse@^2.0.10":
  version "2.0.10"
  resolved "https://registry.yarnpkg.com/@types/argparse/-/argparse-2.0.10.tgz#664e84808accd1987548d888b9d21b3e9c996a6c"
  integrity sha512-C4wahC3gz3vQtvPazrJ5ONwmK1zSDllQboiWvpMM/iOswCYfBREFnjFbq/iWKIVOCl8+m5Pk6eva6/ZSsDuIGA==

"@types/midi@^2.0.0":
  version "2.0.0"
  resolved "https://registry.yarnpkg.com/@types/midi/-/midi-2.0.0.tgz#a71b99f6535de07008d2ad2ad542758603b28e6b"
  integrity sha512-5ZnGxX5t1lYn6rNB4pDrv4ijU0UnTsXa7mW8ic/RsxMJcPE+aafqyNYgNFj/rUKUlXGgwDFROaji1VqFoogGNQ==
  dependencies:
    "@types/node" "*"

"@types/mkdirp@^1.0.2":
  version "1.0.2"
  resolved "https://registry.yarnpkg.com/@types/mkdirp/-/mkdirp-1.0.2.tgz#8d0bad7aa793abe551860be1f7ae7f3198c16666"
  integrity sha512-o0K1tSO0Dx5X6xlU5F1D6625FawhC3dU3iqr25lluNv/+/QIVH8RLNEiVokgIZo+mz+87w/3Mkg/VvQS+J51fQ==
  dependencies:
    "@types/node" "*"

"@types/node@*":
  version "17.0.38"
  resolved "https://registry.yarnpkg.com/@types/node/-/node-17.0.38.tgz#f8bb07c371ccb1903f3752872c89f44006132947"
  integrity sha512-5jY9RhV7c0Z4Jy09G+NIDTsCZ5G0L5n+Z+p+Y7t5VJHM30bgwzSjVtlcBxqAj+6L/swIlvtOSzr8rBk/aNyV2g==

"@types/node@^17.0.35":
  version "17.0.35"
  resolved "https://registry.yarnpkg.com/@types/node/-/node-17.0.35.tgz#635b7586086d51fb40de0a2ec9d1014a5283ba4a"
  integrity sha512-vu1SrqBjbbZ3J6vwY17jBs8Sr/BKA+/a/WtjRG+whKg1iuLFOosq872EXS0eXWILdO36DHQQeku/ZcL6hz2fpg==

"@types/webmidi@^2.0.6":
  version "2.0.6"
  resolved "https://registry.npmjs.org/@types/webmidi/-/webmidi-2.0.6.tgz#c9b1428bbc5d5f49cc6201eae0dc5e2b3fd23e0e"
  integrity sha512-sfS0A5IryqmBrUpcGPipEPeFdpqmZzP6b6lZFxHKgz5n2Vhzh4yJ5P2TvoDUhDjqJyv0Y25ng0Qodgo2Vu08ug==

argparse@^2.0.1:
  version "2.0.1"
  resolved "https://registry.yarnpkg.com/argparse/-/argparse-2.0.1.tgz#246f50f3ca78a3240f6c997e8a9bd1eac49e4b38"
  integrity sha512-8+9WqebbFzpX9OR+Wa6O29asIogeRMzcGtAINdpMHHyAg10f05aSFVBbcEqGf/PXw1EjAZ+q2/bEBg3DvurK3Q==

bindings@~1.5.0:
  version "1.5.0"
  resolved "https://registry.yarnpkg.com/bindings/-/bindings-1.5.0.tgz#10353c9e945334bc0511a6d90b38fbc7c9c504df"
  integrity sha512-p2q/t/mhvuOj/UeLlV6566GD/guowlr0hHxClI0W9m7MWYkL1F0hLo+0Aexs9HSPCtR1SXQ0TD3MMKrXZajbiQ==
  dependencies:
    file-uri-to-path "1.0.0"

easymidi@^2.1.0:
  version "2.1.0"
  resolved "https://registry.yarnpkg.com/easymidi/-/easymidi-2.1.0.tgz#8d628109bffad981f843c631e0aa961cb0ed5d9f"
  integrity sha512-RWhn7AIl0uZLoOTo7wtyLFGQtz9QaLPNyGx9TM2SWqaGlhncGz8XgaiLrbNvNbBiCzO/Kn59mR4yaIGaKdET5A==
  dependencies:
    midi "^2.0.0"

file-uri-to-path@1.0.0:
  version "1.0.0"
  resolved "https://registry.yarnpkg.com/file-uri-to-path/-/file-uri-to-path-1.0.0.tgz#553a7b8446ff6f684359c445f1e37a05dacc33dd"
  integrity sha512-0Zt+s3L7Vf1biwWZ29aARiVYLx7iMGnEUl9x33fbB/j3jR81u/O2LbqK+Bm1CDSNDKVtJ/YjwY7TUd5SkeLQLw==

fp-ts@^2.12.1:
  version "2.12.1"
  resolved "https://registry.yarnpkg.com/fp-ts/-/fp-ts-2.12.1.tgz#e389488bfd1507af06bd5965e97367edcd4fabad"
  integrity sha512-oxvgqUYR6O9VkKXrxkJ0NOyU0FrE705MeqgBUMEPWyTu6Pwn768cJbHChw2XOBlgFLKfIHxjr2OOBFpv2mUGZw==

io-ts@^2.2.16:
  version "2.2.16"
  resolved "https://registry.yarnpkg.com/io-ts/-/io-ts-2.2.16.tgz#597dffa03db1913fc318c9c6df6931cb4ed808b2"
  integrity sha512-y5TTSa6VP6le0hhmIyN0dqEXkrZeJLeC5KApJq6VLci3UEKF80lZ+KuoUs02RhBxNWlrqSNxzfI7otLX1Euv8Q==

jazz-midi@^1.7.6:
  version "1.7.6"
  resolved "https://registry.npmjs.org/jazz-midi/-/jazz-midi-1.7.6.tgz#6bd3a9cb6dce0109271252c8c682ac04184c4018"
  integrity sha512-vKCmBpotb1y+kEbRlu43COar2LzV46uOTTzyM/zTx5LR7WUTWle7FFC8rphqBVdryW66QtOyUA2N/DWZToBang==

jzz-midi-smf@^1.6.9:
  version "1.6.9"
  resolved "https://registry.npmjs.org/jzz-midi-smf/-/jzz-midi-smf-1.6.9.tgz#c5204aadb7aba90b64523eca3d6df2922bb577c6"
  integrity sha512-vZRA3TqZenaHSlYNhY1eXEuVNrNoL7lbLwe3Cu1PpcSu/Bpbu7n4hQZk2HdbDzeeTApiTDgmYvhykkegfZV4Ew==
  dependencies:
    jzz "^1.5.1"

jzz@^1.5.1, jzz@^1.5.3:
  version "1.5.3"
  resolved "https://registry.npmjs.org/jzz/-/jzz-1.5.3.tgz#6af163289a864f4bcfaf5cbd3d4cd36cc42cc5b3"
  integrity sha512-gEih5CUMkK8n+2Mm5QHi+T64TLb68UxyQgYAOATSIA9Js3ZjMOmnGet48thbT1wLbh9J+NK+3wPcEiGo0OGvng==
  dependencies:
    "@types/webmidi" "^2.0.6"
    jazz-midi "^1.7.6"

midi@^2.0.0:
  version "2.0.0"
  resolved "https://registry.yarnpkg.com/midi/-/midi-2.0.0.tgz#5035dd0d0c4b381eeb6e9202c785ce81221d0c7a"
  integrity sha512-HyCLWa+ET8Aqfu/NxdNkxfCx0EfCJrcZgKuhrY4c9UgkfxRt3ChM7RP1oC5vJf7ALXyuAG47jqr5yUlvSodTPQ==
  dependencies:
    bindings "~1.5.0"
    nan "^2.14.2"

mkdirp@^1.0.4:
  version "1.0.4"
  resolved "https://registry.yarnpkg.com/mkdirp/-/mkdirp-1.0.4.tgz#3eb5ed62622756d79a5f0e2a221dfebad75c2f7e"
  integrity sha512-vVqVZQyf3WLx2Shd0qJ9xuvqgAyKPLAiqITEtqW0oIUjzo3PePDd6fW9iFz30ef7Ysp/oiWqbhszeGWW2T6Gzw==

nan@^2.14.2:
  version "2.15.0"
  resolved "https://registry.yarnpkg.com/nan/-/nan-2.15.0.tgz#3f34a473ff18e15c1b5626b62903b5ad6e665fee"
  integrity sha512-8ZtvEnA2c5aYCZYd1cvgdnU6cqwixRoYg70xPLWUws5ORTa/lnw+u4amixRS/Ac5U5mQVgp9pnlSUnbNWFaWZQ==

typescript@^4.7.2:
  version "4.7.2"
  resolved "https://registry.yarnpkg.com/typescript/-/typescript-4.7.2.tgz#1f9aa2ceb9af87cca227813b4310fff0b51593c4"
  integrity sha512-Mamb1iX2FDUpcTRzltPxgWMKy3fhg0TN378ylbktPGPK/99KbDtMQ4W1hwgsbPAsG3a0xKa1vmw4VKZQbkvz5A==
